
Microsoft Visual Studio Solution File, Format Version 12.00
# Visual Studio Version 17
VisualStudioVersion = 17.11.35312.102
MinimumVisualStudioVersion = 10.0.40219.1
Project("{2150E333-8FDC-42A3-9474-1A3956D46DE8}") = "Task0", "Task0", "{1EE2B594-490A-4E3B-A947-6B4A06EBD7C2}"
EndProject
Project("{FAE04EC0-301F-11D3-BF4B-00C04F79EFBC}") = "Tyuiu.MilyutinND.Sprint5.Task0.V16", "Tyuiu.MilyutinND.Sprint5.Task0.V16\Tyuiu.MilyutinND.Sprint5.Task0.V16.csproj", "{B144D9D9-01F6-4698-BC93-FA2FF05DD7A1}"
EndProject
Project("{FAE04EC0-301F-11D3-BF4B-00C04F79EFBC}") = "Tyuiu.MilyutinND.Sprint5.Task0.V16.Lib", "Tyuiu.MilyutinND.Sprint5.Task0.V16.Lib\Tyuiu.MilyutinND.Sprint5.Task0.V16.Lib.csproj", "{757034A1-C835-42CD-B6B8-D3028A5443DF}"
EndProject
Project("{FAE04EC0-301F-11D3-BF4B-00C04F79EFBC}") = "Tyuiu.MilyutinND.Sprint5.Task0.V16.Test", "Tyuiu.MilyutinND.Sprint5.Task0.V16.Test\Tyuiu.MilyutinND.Sprint5.Task0.V16.Test.csproj", "{A39428AE-3CDB-4B5D-8E37-A2BA2EE4F5A9}"
EndProject
Project("{2150E333-8FDC-42A3-9474-1A3956D46DE8}") = "Task1", "Task1", "{7FCEDEA9-6708-48C9-A7A2-80D9BDB8E3E2}"
EndProject
Project("{FAE04EC0-301F-11D3-BF4B-00C04F79EFBC}") = "Tyuiu.MilyutinND.Sprint5.Task1.V21", "Tyuiu.MilyutinND.Sprint5.Task1.V21\Tyuiu.MilyutinND.Sprint5.Task1.V21.csproj", "{EF0A50E0-BD98-4966-8DB5-3A88BDC9CDC8}"
EndProject
Project("{FAE04EC0-301F-11D3-BF4B-00C04F79EFBC}") = "Tyuiu.MilyutinND.Sprint5.Task1.V21.Lib", "Tyuiu.MilyutinND.Sprint5.Task1.V21.Lib\Tyuiu.MilyutinND.Sprint5.Task1.V21.Lib.csproj", "{A028854B-3606-4627-81FE-02DADD81144B}"
EndProject
Project("{FAE04EC0-301F-11D3-BF4B-00C04F79EFBC}") = "Tyuiu.MilyutinND.Sprint5.Task1.V21.Test", "Tyuiu.MilyutinND.Sprint5.Task1.V21.Test\Tyuiu.MilyutinND.Sprint5.Task1.V21.Test.csproj", "{5EFE3C64-6031-4CEF-8A93-8246C0755F5E}"
EndProject
Project("{2150E333-8FDC-42A3-9474-1A3956D46DE8}") = "Task2", "Task2", "{D4EA1567-3160-4565-ACDE-F53510EA4934}"
EndProject
Project("{FAE04EC0-301F-11D3-BF4B-00C04F79EFBC}") = "Tyuiu.MilyutinND.Sprint5.Task2.V30", "Tyuiu.MilyutinND.Sprint5.Task2.V30\Tyuiu.MilyutinND.Sprint5.Task2.V30.csproj", "{E53423CF-20E4-494C-A550-D423C12D5019}"
EndProject
Project("{FAE04EC0-301F-11D3-BF4B-00C04F79EFBC}") = "Tyuiu.MilyutinND.Sprint5.Task2.V30.Lib", "Tyuiu.MilyutinND.Sprint5.Task2.V30.Lib\Tyuiu.MilyutinND.Sprint5.Task2.V30.Lib.csproj", "{153DF31C-4FBD-4F6C-BA1A-9C87D4846C91}"
EndProject
Project("{FAE04EC0-301F-11D3-BF4B-00C04F79EFBC}") = "Tyuiu.MilyutinND.Sprint5.Task2.V30.Test", "Tyuiu.MilyutinND.Sprint5.Task2.V30.Test\Tyuiu.MilyutinND.Sprint5.Task2.V30.Test.csproj", "{DC44E4EB-318C-4D35-8180-0859491C15E0}"
EndProject
Project("{2150E333-8FDC-42A3-9474-1A3956D46DE8}") = "Task3", "Task3", "{9449D840-3877-4CD0-AEA2-9C5D4381EDA7}"
EndProject
Project("{FAE04EC0-301F-11D3-BF4B-00C04F79EFBC}") = "Tyuiu.MilyutinND.Sprint5.Task3.V22", "Tyuiu.MilyutinND.Sprint5.Task3.V22\Tyuiu.MilyutinND.Sprint5.Task3.V22.csproj", "{33EDACA2-0FBF-4068-AA87-BA0455799B15}"
EndProject
Project("{FAE04EC0-301F-11D3-BF4B-00C04F79EFBC}") = "Tyuiu.MilyutinND.Sprint5.Task3.V22.Lib", "Tyuiu.MilyutinND.Sprint5.Task3.V22.Lib\Tyuiu.MilyutinND.Sprint5.Task3.V22.Lib.csproj", "{E5F02DEE-CAEB-48B3-83EE-38EF83482A06}"
EndProject
Project("{FAE04EC0-301F-11D3-BF4B-00C04F79EFBC}") = "Tyuiu.MilyutinND.Sprint5.Task3.V22.Test", "Tyuiu.MilyutinND.Sprint5.Task3.V22.Test\Tyuiu.MilyutinND.Sprint5.Task3.V22.Test.csproj", "{C8EB9B36-CFE8-4194-8020-FE1941915935}"
EndProject
Global
	GlobalSection(SolutionConfigurationPlatforms) = preSolution
		Debug|Any CPU = Debug|Any CPU
		Release|Any CPU = Release|Any CPU
	EndGlobalSection
	GlobalSection(ProjectConfigurationPlatforms) = postSolution
		{B144D9D9-01F6-4698-BC93-FA2FF05DD7A1}.Debug|Any CPU.ActiveCfg = Debug|Any CPU
		{B144D9D9-01F6-4698-BC93-FA2FF05DD7A1}.Debug|Any CPU.Build.0 = Debug|Any CPU
		{B144D9D9-01F6-4698-BC93-FA2FF05DD7A1}.Release|Any CPU.ActiveCfg = Release|Any CPU
		{B144D9D9-01F6-4698-BC93-FA2FF05DD7A1}.Release|Any CPU.Build.0 = Release|Any CPU
		{757034A1-C835-42CD-B6B8-D3028A5443DF}.Debug|Any CPU.ActiveCfg = Debug|Any CPU
		{757034A1-C835-42CD-B6B8-D3028A5443DF}.Debug|Any CPU.Build.0 = Debug|Any CPU
		{757034A1-C835-42CD-B6B8-D3028A5443DF}.Release|Any CPU.ActiveCfg = Release|Any CPU
		{757034A1-C835-42CD-B6B8-D3028A5443DF}.Release|Any CPU.Build.0 = Release|Any CPU
		{A39428AE-3CDB-4B5D-8E37-A2BA2EE4F5A9}.Debug|Any CPU.ActiveCfg = Debug|Any CPU
		{A39428AE-3CDB-4B5D-8E37-A2BA2EE4F5A9}.Debug|Any CPU.Build.0 = Debug|Any CPU
		{A39428AE-3CDB-4B5D-8E37-A2BA2EE4F5A9}.Release|Any CPU.ActiveCfg = Release|Any CPU
		{A39428AE-3CDB-4B5D-8E37-A2BA2EE4F5A9}.Release|Any CPU.Build.0 = Release|Any CPU
		{EF0A50E0-BD98-4966-8DB5-3A88BDC9CDC8}.Debug|Any CPU.ActiveCfg = Debug|Any CPU
		{EF0A50E0-BD98-4966-8DB5-3A88BDC9CDC8}.Debug|Any CPU.Build.0 = Debug|Any CPU
		{EF0A50E0-BD98-4966-8DB5-3A88BDC9CDC8}.Release|Any CPU.ActiveCfg = Release|Any CPU
		{EF0A50E0-BD98-4966-8DB5-3A88BDC9CDC8}.Release|Any CPU.Build.0 = Release|Any CPU
		{A028854B-3606-4627-81FE-02DADD81144B}.Debug|Any CPU.ActiveCfg = Debug|Any CPU
		{A028854B-3606-4627-81FE-02DADD81144B}.Debug|Any CPU.Build.0 = Debug|Any CPU
		{A028854B-3606-4627-81FE-02DADD81144B}.Release|Any CPU.ActiveCfg = Release|Any CPU
		{A028854B-3606-4627-81FE-02DADD81144B}.Release|Any CPU.Build.0 = Release|Any CPU
		{5EFE3C64-6031-4CEF-8A93-8246C0755F5E}.Debug|Any CPU.ActiveCfg = Debug|Any CPU
		{5EFE3C64-6031-4CEF-8A93-8246C0755F5E}.Debug|Any CPU.Build.0 = Debug|Any CPU
		{5EFE3C64-6031-4CEF-8A93-8246C0755F5E}.Release|Any CPU.ActiveCfg = Release|Any CPU
		{5EFE3C64-6031-4CEF-8A93-8246C0755F5E}.Release|Any CPU.Build.0 = Release|Any CPU
		{E53423CF-20E4-494C-A550-D423C12D5019}.Debug|Any CPU.ActiveCfg = Debug|Any CPU
		{E53423CF-20E4-494C-A550-D423C12D5019}.Debug|Any CPU.Build.0 = Debug|Any CPU
		{E53423CF-20E4-494C-A550-D423C12D5019}.Release|Any CPU.ActiveCfg = Release|Any CPU
		{E53423CF-20E4-494C-A550-D423C12D5019}.Release|Any CPU.Build.0 = Release|Any CPU
		{153DF31C-4FBD-4F6C-BA1A-9C87D4846C91}.Debug|Any CPU.ActiveCfg = Debug|Any CPU
		{153DF31C-4FBD-4F6C-BA1A-9C87D4846C91}.Debug|Any CPU.Build.0 = Debug|Any CPU
		{153DF31C-4FBD-4F6C-BA1A-9C87D4846C91}.Release|Any CPU.ActiveCfg = Release|Any CPU
		{153DF31C-4FBD-4F6C-BA1A-9C87D4846C91}.Release|Any CPU.Build.0 = Release|Any CPU
		{DC44E4EB-318C-4D35-8180-0859491C15E0}.Debug|Any CPU.ActiveCfg = Debug|Any CPU
		{DC44E4EB-318C-4D35-8180-0859491C15E0}.Debug|Any CPU.Build.0 = Debug|Any CPU
		{DC44E4EB-318C-4D35-8180-0859491C15E0}.Release|Any CPU.ActiveCfg = Release|Any CPU
		{DC44E4EB-318C-4D35-8180-0859491C15E0}.Release|Any CPU.Build.0 = Release|Any CPU
		{33EDACA2-0FBF-4068-AA87-BA0455799B15}.Debug|Any CPU.ActiveCfg = Debug|Any CPU
		{33EDACA2-0FBF-4068-AA87-BA0455799B15}.Debug|Any CPU.Build.0 = Debug|Any CPU
		{33EDACA2-0FBF-4068-AA87-BA0455799B15}.Release|Any CPU.ActiveCfg = Release|Any CPU
		{33EDACA2-0FBF-4068-AA87-BA0455799B15}.Release|Any CPU.Build.0 = Release|Any CPU
		{E5F02DEE-CAEB-48B3-83EE-38EF83482A06}.Debug|Any CPU.ActiveCfg = Debug|Any CPU
		{E5F02DEE-CAEB-48B3-83EE-38EF83482A06}.Debug|Any CPU.Build.0 = Debug|Any CPU
		{E5F02DEE-CAEB-48B3-83EE-38EF83482A06}.Release|Any CPU.ActiveCfg = Release|Any CPU
		{E5F02DEE-CAEB-48B3-83EE-38EF83482A06}.Release|Any CPU.Build.0 = Release|Any CPU
		{C8EB9B36-CFE8-4194-8020-FE1941915935}.Debug|Any CPU.ActiveCfg = Debug|Any CPU
		{C8EB9B36-CFE8-4194-8020-FE1941915935}.Debug|Any CPU.Build.0 = Debug|Any CPU
		{C8EB9B36-CFE8-4194-8020-FE1941915935}.Release|Any CPU.ActiveCfg = Release|Any CPU
		{C8EB9B36-CFE8-4194-8020-FE1941915935}.Release|Any CPU.Build.0 = Release|Any CPU
	EndGlobalSection
	GlobalSection(SolutionProperties) = preSolution
		HideSolutionNode = FALSE
	EndGlobalSection
	GlobalSection(NestedProjects) = preSolution
		{B144D9D9-01F6-4698-BC93-FA2FF05DD7A1} = {1EE2B594-490A-4E3B-A947-6B4A06EBD7C2}
		{757034A1-C835-42CD-B6B8-D3028A5443DF} = {1EE2B594-490A-4E3B-A947-6B4A06EBD7C2}
		{A39428AE-3CDB-4B5D-8E37-A2BA2EE4F5A9} = {1EE2B594-490A-4E3B-A947-6B4A06EBD7C2}
		{EF0A50E0-BD98-4966-8DB5-3A88BDC9CDC8} = {7FCEDEA9-6708-48C9-A7A2-80D9BDB8E3E2}
		{A028854B-3606-4627-81FE-02DADD81144B} = {7FCEDEA9-6708-48C9-A7A2-80D9BDB8E3E2}
		{5EFE3C64-6031-4CEF-8A93-8246C0755F5E} = {7FCEDEA9-6708-48C9-A7A2-80D9BDB8E3E2}
		{E53423CF-20E4-494C-A550-D423C12D5019} = {D4EA1567-3160-4565-ACDE-F53510EA4934}
		{153DF31C-4FBD-4F6C-BA1A-9C87D4846C91} = {D4EA1567-3160-4565-ACDE-F53510EA4934}
		{DC44E4EB-318C-4D35-8180-0859491C15E0} = {D4EA1567-3160-4565-ACDE-F53510EA4934}
		{33EDACA2-0FBF-4068-AA87-BA0455799B15} = {9449D840-3877-4CD0-AEA2-9C5D4381EDA7}
		{E5F02DEE-CAEB-48B3-83EE-38EF83482A06} = {9449D840-3877-4CD0-AEA2-9C5D4381EDA7}
		{C8EB9B36-CFE8-4194-8020-FE1941915935} = {9449D840-3877-4CD0-AEA2-9C5D4381EDA7}
	EndGlobalSection
	GlobalSection(ExtensibilityGlobals) = postSolution
		SolutionGuid = {7941A532-404A-43B9-9528-6FCBC77BDFB8}
	EndGlobalSection
EndGlobal
